
Microsoft Visual Studio Solution File, Format Version 12.00
# Visual Studio 14
VisualStudioVersion = 14.0.25420.1
MinimumVisualStudioVersion = 10.0.40219.1
Project("{FAE04EC0-301F-11D3-BF4B-00C04F79EFBC}") = "DI", "DI\DI.csproj", "{92CB476B-5DF7-4588-BE76-7EA13E4DAFBA}"
EndProject
Project("{FAE04EC0-301F-11D3-BF4B-00C04F79EFBC}") = "DI.Tests", "DI.Tests\DI.Tests.csproj", "{C2A30994-2CCF-4BA6-B9E8-177CD548B025}"
EndProject
Global
	GlobalSection(SolutionConfigurationPlatforms) = preSolution
		Debug|Any CPU = Debug|Any CPU
		Release|Any CPU = Release|Any CPU
	EndGlobalSection
	GlobalSection(ProjectConfigurationPlatforms) = postSolution
		{92CB476B-5DF7-4588-BE76-7EA13E4DAFBA}.Debug|Any CPU.ActiveCfg = Debug|Any CPU
		{92CB476B-5DF7-4588-BE76-7EA13E4DAFBA}.Debug|Any CPU.Build.0 = Debug|Any CPU
		{92CB476B-5DF7-4588-BE76-7EA13E4DAFBA}.Release|Any CPU.ActiveCfg = Release|Any CPU
		{92CB476B-5DF7-4588-BE76-7EA13E4DAFBA}.Release|Any CPU.Build.0 = Release|Any CPU
		{C2A30994-2CCF-4BA6-B9E8-177CD548B025}.Debug|Any CPU.ActiveCfg = Debug|Any CPU
		{C2A30994-2CCF-4BA6-B9E8-177CD548B025}.Debug|Any CPU.Build.0 = Debug|Any CPU
		{C2A30994-2CCF-4BA6-B9E8-177CD548B025}.Release|Any CPU.ActiveCfg = Release|Any CPU
		{C2A30994-2CCF-4BA6-B9E8-177CD548B025}.Release|Any CPU.Build.0 = Release|Any CPU
	EndGlobalSection
	GlobalSection(SolutionProperties) = preSolution
		HideSolutionNode = FALSE
	EndGlobalSection
EndGlobal
